
// !$*UTF8*$!
{
	archiveVersion = 1;
	classes = {
	};
	objectVersion = 50;
	objects = {

/* Begin PBXBuildFile section */
		4724FDD123336B1E0080A47F /* TimerController.swift in Sources */ = {isa = PBXBuildFile; fileRef = 4724FDD023336B1E0080A47F /* TimerController.swift */; };
		4724FDD3233370F60080A47F /* FaceIDController.swift in Sources */ = {isa = PBXBuildFile; fileRef = 4724FDD2233370F60080A47F /* FaceIDController.swift */; };
		4724FDD8233376880080A47F /* GameOverViewController.swift in Sources */ = {isa = PBXBuildFile; fileRef = 4724FDD7233376880080A47F /* GameOverViewController.swift */; };
		4724FDDA233389850080A47F /* Pedometer.swift in Sources */ = {isa = PBXBuildFile; fileRef = 4724FDD9233389850080A47F /* Pedometer.swift */; };
		4724FDDD23338D0D0080A47F /* HealthKit.framework in Frameworks */ = {isa = PBXBuildFile; fileRef = 4724FDDC23338D0D0080A47F /* HealthKit.framework */; };
		4724FDE223338E0B0080A47F /* HealthKit.swift in Sources */ = {isa = PBXBuildFile; fileRef = 4724FDE123338E0B0080A47F /* HealthKit.swift */; };
		479339442341CC70003B756F /* MultiplayerController.swift in Sources */ = {isa = PBXBuildFile; fileRef = 479339432341CC70003B756F /* MultiplayerController.swift */; };
		47AA29972330ECF300A19655 /* AppDelegate.swift in Sources */ = {isa = PBXBuildFile; fileRef = 47AA29962330ECF300A19655 /* AppDelegate.swift */; };
		47AA29992330ECF300A19655 /* art.scnassets in Resources */ = {isa = PBXBuildFile; fileRef = 47AA29982330ECF300A19655 /* art.scnassets */; };
		47AA299B2330ECF300A19655 /* ViewController.swift in Sources */ = {isa = PBXBuildFile; fileRef = 47AA299A2330ECF300A19655 /* ViewController.swift */; };
		47AA299E2330ECF300A19655 /* Main.storyboard in Resources */ = {isa = PBXBuildFile; fileRef = 47AA299C2330ECF300A19655 /* Main.storyboard */; };
		47AA29A02330ECF300A19655 /* Assets.xcassets in Resources */ = {isa = PBXBuildFile; fileRef = 47AA299F2330ECF300A19655 /* Assets.xcassets */; };
		47AA29A32330ECF300A19655 /* LaunchScreen.storyboard in Resources */ = {isa = PBXBuildFile; fileRef = 47AA29A12330ECF300A19655 /* LaunchScreen.storyboard */; };
		47AA29AE2330ECF300A19655 /* CoinTapTests.swift in Sources */ = {isa = PBXBuildFile; fileRef = 47AA29AD2330ECF300A19655 /* CoinTapTests.swift */; };
		47AA29B92330ECF300A19655 /* CoinTapUITests.swift in Sources */ = {isa = PBXBuildFile; fileRef = 47AA29B82330ECF300A19655 /* CoinTapUITests.swift */; };
		47AA29CA2330EEA400A19655 /* Coin.swift in Sources */ = {isa = PBXBuildFile; fileRef = 47AA29C92330EEA400A19655 /* Coin.swift */; };
		47AA29CE2332081800A19655 /* CoinSpawner.swift in Sources */ = {isa = PBXBuildFile; fileRef = 47AA29CD2332081800A19655 /* CoinSpawner.swift */; };
		47AA29D02332162400A19655 /* HitController.swift in Sources */ = {isa = PBXBuildFile; fileRef = 47AA29CF2332162400A19655 /* HitController.swift */; };
		47AA29D223323E1900A19655 /* coin.mp3 in Resources */ = {isa = PBXBuildFile; fileRef = 47AA29D123323E1900A19655 /* coin.mp3 */; };
		47AA29D4233243C500A19655 /* MusicPlayer.swift in Sources */ = {isa = PBXBuildFile; fileRef = 47AA29D3233243C500A19655 /* MusicPlayer.swift */; };
		47AA29D62332517C00A19655 /* custom.TTF in Resources */ = {isa = PBXBuildFile; fileRef = 47AA29D52332517C00A19655 /* custom.TTF */; };
/* End PBXBuildFile section */

/* Begin PBXContainerItemProxy section */
		47AA29AA2330ECF300A19655 /* PBXContainerItemProxy */ = {
			isa = PBXContainerItemProxy;
			containerPortal = 47AA298B2330ECF200A19655 /* Project object */;
			proxyType = 1;
			remoteGlobalIDString = 47AA29922330ECF300A19655;
			remoteInfo = CoinTap;
		};
		47AA29B52330ECF300A19655 /* PBXContainerItemProxy */ = {
			isa = PBXContainerItemProxy;
			containerPortal = 47AA298B2330ECF200A19655 /* Project object */;
			proxyType = 1;
			remoteGlobalIDString = 47AA29922330ECF300A19655;
			remoteInfo = CoinTap;
		};
/* End PBXContainerItemProxy section */

/* Begin PBXFileReference section */
		4724FDD023336B1E0080A47F /* TimerController.swift */ = {isa = PBXFileReference; lastKnownFileType = sourcecode.swift; path = TimerController.swift; sourceTree = "<group>"; };
		4724FDD2233370F60080A47F /* FaceIDController.swift */ = {isa = PBXFileReference; lastKnownFileType = sourcecode.swift; path = FaceIDController.swift; sourceTree = "<group>"; };
		4724FDD7233376880080A47F /* GameOverViewController.swift */ = {isa = PBXFileReference; lastKnownFileType = sourcecode.swift; path = GameOverViewController.swift; sourceTree = "<group>"; };
		4724FDD9233389850080A47F /* Pedometer.swift */ = {isa = PBXFileReference; lastKnownFileType = sourcecode.swift; path = Pedometer.swift; sourceTree = "<group>"; };
		4724FDDC23338D0D0080A47F /* HealthKit.framework */ = {isa = PBXFileReference; lastKnownFileType = wrapper.framework; name = HealthKit.framework; path = System/Library/Frameworks/HealthKit.framework; sourceTree = SDKROOT; };
		4724FDDE23338D0D0080A47F /* CoinTap.entitlements */ = {isa = PBXFileReference; lastKnownFileType = text.plist.entitlements; path = CoinTap.entitlements; sourceTree = "<group>"; };
		4724FDE123338E0B0080A47F /* HealthKit.swift */ = {isa = PBXFileReference; lastKnownFileType = sourcecode.swift; path = HealthKit.swift; sourceTree = "<group>"; };
		479339432341CC70003B756F /* MultiplayerController.swift */ = {isa = PBXFileReference; lastKnownFileType = sourcecode.swift; path = MultiplayerController.swift; sourceTree = "<group>"; };
		47AA29932330ECF300A19655 /* Coin Hunt.app */ = {isa = PBXFileReference; explicitFileType = wrapper.application; includeInIndex = 0; path = "Coin Hunt.app"; sourceTree = BUILT_PRODUCTS_DIR; };
		47AA29962330ECF300A19655 /* AppDelegate.swift */ = {isa = PBXFileReference; lastKnownFileType = sourcecode.swift; path = AppDelegate.swift; sourceTree = "<group>"; };
		47AA29982330ECF300A19655 /* art.scnassets */ = {isa = PBXFileReference; lastKnownFileType = wrapper.scnassets; path = art.scnassets; sourceTree = "<group>"; };
		47AA299A2330ECF300A19655 /* ViewController.swift */ = {isa = PBXFileReference; lastKnownFileType = sourcecode.swift; path = ViewController.swift; sourceTree = "<group>"; };
		47AA299D2330ECF300A19655 /* Base */ = {isa = PBXFileReference; lastKnownFileType = file.storyboard; name = Base; path = Base.lproj/Main.storyboard; sourceTree = "<group>"; };
		47AA299F2330ECF300A19655 /* Assets.xcassets */ = {isa = PBXFileReference; lastKnownFileType = folder.assetcatalog; path = Assets.xcassets; sourceTree = "<group>"; };
		47AA29A22330ECF300A19655 /* Base */ = {isa = PBXFileReference; lastKnownFileType = file.storyboard; name = Base; path = Base.lproj/LaunchScreen.storyboard; sourceTree = "<group>"; };
		47AA29A42330ECF300A19655 /* Info.plist */ = {isa = PBXFileReference; lastKnownFileType = text.plist.xml; path = Info.plist; sourceTree = "<group>"; };
		47AA29A92330ECF300A19655 /* CoinTapTests.xctest */ = {isa = PBXFileReference; explicitFileType = wrapper.cfbundle; includeInIndex = 0; path = CoinTapTests.xctest; sourceTree = BUILT_PRODUCTS_DIR; };
		47AA29AD2330ECF300A19655 /* CoinTapTests.swift */ = {isa = PBXFileReference; lastKnownFileType = sourcecode.swift; path = CoinTapTests.swift; sourceTree = "<group>"; };
		47AA29AF2330ECF300A19655 /* Info.plist */ = {isa = PBXFileReference; lastKnownFileType = text.plist.xml; path = Info.plist; sourceTree = "<group>"; };
		47AA29B42330ECF300A19655 /* CoinTapUITests.xctest */ = {isa = PBXFileReference; explicitFileType = wrapper.cfbundle; includeInIndex = 0; path = CoinTapUITests.xctest; sourceTree = BUILT_PRODUCTS_DIR; };
		47AA29B82330ECF300A19655 /* CoinTapUITests.swift */ = {isa = PBXFileReference; lastKnownFileType = sourcecode.swift; path = CoinTapUITests.swift; sourceTree = "<group>"; };
		47AA29BA2330ECF300A19655 /* Info.plist */ = {isa = PBXFileReference; lastKnownFileType = text.plist.xml; path = Info.plist; sourceTree = "<group>"; };
		47AA29C92330EEA400A19655 /* Coin.swift */ = {isa = PBXFileReference; lastKnownFileType = sourcecode.swift; path = Coin.swift; sourceTree = "<group>"; xcLanguageSpecificationIdentifier = xcode.lang.swift; };
		47AA29CD2332081800A19655 /* CoinSpawner.swift */ = {isa = PBXFileReference; lastKnownFileType = sourcecode.swift; path = CoinSpawner.swift; sourceTree = "<group>"; xcLanguageSpecificationIdentifier = xcode.lang.swift; };
		47AA29CF2332162400A19655 /* HitController.swift */ = {isa = PBXFileReference; lastKnownFileType = sourcecode.swift; path = HitController.swift; sourceTree = "<group>"; };
		47AA29D123323E1900A19655 /* coin.mp3 */ = {isa = PBXFileReference; lastKnownFileType = audio.mp3; path = coin.mp3; sourceTree = "<group>"; };
		47AA29D3233243C500A19655 /* MusicPlayer.swift */ = {isa = PBXFileReference; fileEncoding = 4; lastKnownFileType = sourcecode.swift; path = MusicPlayer.swift; sourceTree = "<group>"; };
		47AA29D52332517C00A19655 /* custom.TTF */ = {isa = PBXFileReference; lastKnownFileType = file; path = custom.TTF; sourceTree = "<group>"; };
/* End PBXFileReference section */

/* Begin PBXFrameworksBuildPhase section */
		47AA29902330ECF300A19655 /* Frameworks */ = {
			isa = PBXFrameworksBuildPhase;
			buildActionMask = 2147483647;
			files = (
				4724FDDD23338D0D0080A47F /* HealthKit.framework in Frameworks */,
			);
			runOnlyForDeploymentPostprocessing = 0;
		};
		47AA29A62330ECF300A19655 /* Frameworks */ = {
			isa = PBXFrameworksBuildPhase;
			buildActionMask = 2147483647;
			files = (
			);
			runOnlyForDeploymentPostprocessing = 0;
		};
		47AA29B12330ECF300A19655 /* Frameworks */ = {
			isa = PBXFrameworksBuildPhase;
			buildActionMask = 2147483647;
			files = (
			);
			runOnlyForDeploymentPostprocessing = 0;
		};
/* End PBXFrameworksBuildPhase section */

/* Begin PBXGroup section */
		4724FDDB23338D0D0080A47F /* Frameworks */ = {
			isa = PBXGroup;
			children = (
				4724FDDC23338D0D0080A47F /* HealthKit.framework */,
			);
			name = Frameworks;
			sourceTree = "<group>";
		};
		476C4EB8233252ED00FBB893 /* Resources */ = {
			isa = PBXGroup;
			children = (
				47AA29D52332517C00A19655 /* custom.TTF */,
				47AA29D123323E1900A19655 /* coin.mp3 */,
			);
			path = Resources;
			sourceTree = "<group>";
		};
		47AA298A2330ECF200A19655 = {
			isa = PBXGroup;
			children = (
				47AA29952330ECF300A19655 /* CoinTap */,
				47AA29AC2330ECF300A19655 /* CoinTapTests */,
				47AA29B72330ECF300A19655 /* CoinTapUITests */,
				47AA29942330ECF300A19655 /* Products */,
				4724FDDB23338D0D0080A47F /* Frameworks */,
			);
			sourceTree = "<group>";
		};
		47AA29942330ECF300A19655 /* Products */ = {
			isa = PBXGroup;
			children = (
				47AA29932330ECF300A19655 /* Coin Hunt.app */,
				47AA29A92330ECF300A19655 /* CoinTapTests.xctest */,
				47AA29B42330ECF300A19655 /* CoinTapUITests.xctest */,
			);
			name = Products;
			sourceTree = "<group>";
		};
		47AA29952330ECF300A19655 /* CoinTap */ = {
			isa = PBXGroup;
			children = (
				4724FDDE23338D0D0080A47F /* CoinTap.entitlements */,
				476C4EB8233252ED00FBB893 /* Resources */,
				47AA29C72330ED2D00A19655 /* View */,
				47AA29C82330ED3600A19655 /* Controller */,
				47AA29C62330ED1C00A19655 /* Model */,
				47AA29982330ECF300A19655 /* art.scnassets */,
				47AA299F2330ECF300A19655 /* Assets.xcassets */,
				47AA29A42330ECF300A19655 /* Info.plist */,
			);
			path = CoinTap;
			sourceTree = "<group>";
		};
		47AA29AC2330ECF300A19655 /* CoinTapTests */ = {
			isa = PBXGroup;
			children = (
				47AA29AD2330ECF300A19655 /* CoinTapTests.swift */,
				47AA29AF2330ECF300A19655 /* Info.plist */,
			);
			path = CoinTapTests;
			sourceTree = "<group>";
		};
		47AA29B72330ECF300A19655 /* CoinTapUITests */ = {
			isa = PBXGroup;
			children = (
				47AA29B82330ECF300A19655 /* CoinTapUITests.swift */,
				47AA29BA2330ECF300A19655 /* Info.plist */,
			);
			path = CoinTapUITests;
			sourceTree = "<group>";
		};
		47AA29C62330ED1C00A19655 /* Model */ = {
			isa = PBXGroup;
			children = (
				47AA29D3233243C500A19655 /* MusicPlayer.swift */,
				47AA29962330ECF300A19655 /* AppDelegate.swift */,
				47AA29C92330EEA400A19655 /* Coin.swift */,
				47AA29CD2332081800A19655 /* CoinSpawner.swift */,
				4724FDD9233389850080A47F /* Pedometer.swift */,
				4724FDE123338E0B0080A47F /* HealthKit.swift */,
			);
			path = Model;
			sourceTree = "<group>";
		};
		47AA29C72330ED2D00A19655 /* View */ = {
			isa = PBXGroup;
			children = (
				47AA29A12330ECF300A19655 /* LaunchScreen.storyboard */,
				47AA299C2330ECF300A19655 /* Main.storyboard */,
			);
			path = View;
			sourceTree = "<group>";
		};
		47AA29C82330ED3600A19655 /* Controller */ = {
			isa = PBXGroup;
			children = (
				47AA299A2330ECF300A19655 /* ViewController.swift */,
				47AA29CF2332162400A19655 /* HitController.swift */,
				4724FDD023336B1E0080A47F /* TimerController.swift */,
				4724FDD7233376880080A47F /* GameOverViewController.swift */,
				4724FDD2233370F60080A47F /* FaceIDController.swift */,
				479339432341CC70003B756F /* MultiplayerController.swift */,
			);
			path = Controller;
			sourceTree = "<group>";
		};
/* End PBXGroup section */

/* Begin PBXNativeTarget section */
		47AA29922330ECF300A19655 /* CoinTap */ = {
			isa = PBXNativeTarget;
			buildConfigurationList = 47AA29BD2330ECF300A19655 /* Build configuration list for PBXNativeTarget "CoinTap" */;
			buildPhases = (
				47AA298F2330ECF300A19655 /* Sources */,
				47AA29902330ECF300A19655 /* Frameworks */,
				47AA29912330ECF300A19655 /* Resources */,
			);